# This file is autogenerated, do not edit; changes may be undone by the next 'dep ensure'.


[[projects]]
  branch = "master"
  digest = "1:8a26e39cf0c0c55265853abbb4fbd4e9cbbd3c2b849b33388bde4dcf1cf4987f"
  name = "code.cloudfoundry.org/clock"
  packages = ["."]
  pruneopts = ""
  revision = "1fea04828a6fb034280dcb5d07f39f5b7f5739e9"

[[projects]]
  branch = "master"
  digest = "1:979b5ee68ad69cf2b7408f8893bf7e50bad3a022058d73291bb1bef04be35217"
  name = "github.com/armon/go-socks5"
  packages = ["."]
  pruneopts = ""
  revision = "e75332964ef517daa070d7c38a9466a0d687e0a5"

[[projects]]
  digest = "1:8c27f2c4ff0e25af380552e3a51dab287e24c7fe8e62cb8b6dc7fbe3f343bd5b"
  name = "github.com/bmatcuk/doublestar"
  packages = ["."]
  pruneopts = ""
  revision = "b3608229437ba4dc33dae64d56a79a2a73f1f6b2"
  version = "v1.0.9"

[[projects]]
  branch = "master"
  digest = "1:94c865fcab9201eee1bd7bf9423ca056f982871264332c669fcf2e25bb2392cb"
  name = "github.com/charlievieth/fs"
  packages = ["."]
  pruneopts = ""
  revision = "7dc373669fa10ddf827c37c595dee30a2f001be9"

[[projects]]
  digest = "1:08e6c45727cd02e582ae132a46829581231375083af207b05f95587929122c08"
  name = "github.com/cheggaaa/pb"
  packages = ["."]
  pruneopts = ""
  revision = "657164d0228d6bebe316fdf725c69f131a50fb10"
  version = "v1.0.18"

[[projects]]
  digest = "1:edfa044081c32039cacee980ab450df8de9974bdbaa31b6b72e338fd5a0713fd"
  name = "github.com/cloudfoundry/bosh-cli"
  packages = [
    "uaa",
    "ui",
    "ui/fakes",
    "ui/fmt",
    "ui/table",
  ]
  pruneopts = ""
  revision = "d20879988632b019eb3f195cced2afb2b3eedabb"
  version = "v2.0.45"

[[projects]]
  branch = "master"
  digest = "1:6094118136c64fae85a0fed8f540cd6d94b9a6cd5e9b3f20292536966e5d3720"
  name = "github.com/cloudfoundry/bosh-utils"
  packages = [
    "crypto",
    "errors",
    "httpclient",
    "logger",
    "retrystrategy",
    "system",
    "system/fakes",
    "uuid",
  ]
  pruneopts = ""
  revision = "07e3008c701173c247c62ed8901d5e40b80a3f9d"

[[projects]]
  branch = "master"
  digest = "1:a5c2e78974a3b899030a9bfe51fd15fd70f00790f934bac005adf810821c8f25"
  name = "github.com/cloudfoundry/socks5-proxy"
  packages = ["."]
  pruneopts = ""
  revision = "dd3ea3050967ee49485c26540f78ebbc3fa7bf1c"

[[projects]]
  branch = "master"
  digest = "1:c0845301752e45abfc6aa05581eb5121dc5a17310e5e6adb1ad7ef6ee63d5334"
  name = "github.com/cppforlife/go-semi-semantic"
  packages = ["version"]
  pruneopts = ""
  revision = "576b6af77ae4f3ccef356902fb3b9a9ae22e0b11"

[[projects]]
  digest = "1:3e93e899f8457138a891b3ccedcacf8fe9074865c848f7028e1892bdae280676"
  name = "github.com/dgrijalva/jwt-go"
  packages = ["."]
  pruneopts = ""
  revision = "dbeaa9332f19a944acb5736b4456cfcc02140e29"
  version = "v3.1.0"

[[projects]]
  branch = "master"
  digest = "1:a62b1ccfca5f2ed1932ac0ce36d90cce2fe1d436815d95843646f1baeb5395a1"
  name = "github.com/dpb587/go-onc"
  packages = [
    "onc",
    "onc/oncutil",
  ]
  pruneopts = ""
  revision = "863d310b28e308704d76b08c96fd95a8772c1903"

[[projects]]
  branch = "master"
  digest = "1:77b3986b3e759bd84c30acc997947494f37d63d0d293550f4f72b4574d9a058f"
  name = "github.com/dpb587/go-openvpn"
  packages = [
    "ovpn",
    "ovpn/onc",
  ]
  pruneopts = ""
  revision = "1167a52705a808ac4d2b5ed07bc34b2a300e8afb"

[[projects]]
  branch = "master"
  digest = "1:ae162f9b5c46f6d5ff4bd53a3d78f72e2eb6676c11c5d33b8b106c36f87ddb31"
  name = "github.com/dustin/go-humanize"
  packages = ["."]
  pruneopts = ""
  revision = "bb3d318650d48840a39aa21a027c6630e198e626"

[[projects]]
  digest = "1:c9bebdae4ac52d0c3bbe5876de3d72f3bb05b4986865cdb3f15e305e1dc4fbca"
  name = "github.com/fatih/color"
  packages = ["."]
  pruneopts = ""
  revision = "570b54cabe6b8eb0bc2dfce68d964677d63b5260"
  version = "v1.5.0"

[[projects]]
  branch = "master"
  digest = "1:3b760d3b93f994df8eb1d9ebfad17d3e9e37edcb7f7efaa15b427c0d7a64f4e4"
  name = "github.com/golang/protobuf"
  packages = ["proto"]
  pruneopts = ""
  revision = "1e59b77b52bf8e4b449a57e6f79f21226d571845"

[[projects]]
  branch = "master"
  digest = "1:41387337eddc73a1df2ed600c94e2b6270b12ae6b24fd704d829e5cf725644cc"
  name = "github.com/google/go-github"
  packages = ["github"]
  pruneopts = ""
  revision = "414302483313784b058d0c1f3abb9b9e4e6adcea"

[[projects]]
  branch = "master"
  digest = "1:9abc49f39e3e23e262594bb4fb70abf74c0c99e94f99153f43b143805e850719"
  name = "github.com/google/go-querystring"
  packages = ["query"]
  pruneopts = ""
  revision = "53e6ce116135b80d037921a7fdd5138cf32d7a8a"

[[projects]]
  branch = "master"
  digest = "1:32c49a8cbcb20989c4fc0825f792cb1ea079af601c11b5ed0a92a48433171db3"
  name = "github.com/inconshreveable/go-update"
  packages = [
    ".",
    "internal/binarydist",
    "internal/osext",
  ]
  pruneopts = ""
  revision = "8152e7eb6ccf8679a64582a66b78519688d156ad"

[[projects]]
  digest = "1:550e69376be9a028e7a039090d635e949134873c651a74a95a8896552db372b8"
  name = "github.com/jessevdk/go-flags"
  packages = ["."]
  pruneopts = ""
  revision = "96dc06278ce32a0e9d957d590bb987c81ee66407"
  version = "v1.3.0"

[[projects]]
  digest = "1:9ea83adf8e96d6304f394d40436f2eb44c1dc3250d223b74088cc253a6cd0a1c"
  name = "github.com/mattn/go-colorable"
  packages = ["."]
  pruneopts = ""
  revision = "167de6bfdfba052fa6b2d3664c8f5272e23c9072"
  version = "v0.0.9"

[[projects]]
  digest = "1:78229b46ddb7434f881390029bd1af7661294af31f6802e0e1bedaad4ab0af3c"
  name = "github.com/mattn/go-isatty"
  packages = ["."]
  pruneopts = ""
  revision = "0360b2af4f38e8d38c7fce2a9f4e702702d73a39"
  version = "v0.0.3"

[[projects]]
  digest = "1:81e673df85e765593a863f67cba4544cf40e8919590f04d67664940786c2b61a"
  name = "github.com/mattn/go-runewidth"
  packages = ["."]
  pruneopts = ""
  revision = "9e777a8366cce605130a531d2cd6363d07ad7317"
  version = "v0.0.2"

[[projects]]
  digest = "1:e678dc289d4e9b4fc821b65509adb8df3bb96ce1db027dbf9e1bffda6167b0e7"
  name = "github.com/mattn/goveralls"
  packages = ["."]
  pruneopts = ""
  revision = "b71a1e4855f87991aff01c2c833a75a07059c61c"
  version = "v0.0.2"

[[projects]]
  digest = "1:3e1511c5f5b0c1572cee6bd97ba027770834fdb42961bf84a0d54e1c41ced6e7"
  name = "github.com/maxbrunsfeld/counterfeiter"
  packages = [
    ".",
    "arguments",
    "astutil",
    "generator",
    "locator",
    "model",
    "terminal",
  ]
  pruneopts = ""
  revision = "c1f2005ff133f81907ce72f3d20e1169799317fe"
  version = "v5"

[[projects]]
  branch = "master"
  digest = "1:434b20da8d78a016bc3d8f30c7d15874a7da0c7be4e00f0cd37e83e101eddd8d"
  name = "github.com/modocache/gover"
  packages = [
    ".",
    "gover",
  ]
  pruneopts = ""
  revision = "b58185e213c533169f76aa366e6c68fe56f2881b"

[[projects]]
  branch = "master"
  digest = "1:55c48c9cfdf8bab6f4911f621616fbe223c0b72a6df9aab6b172ab7e5cfc6bd2"
  name = "github.com/nu7hatch/gouuid"
  packages = ["."]
  pruneopts = ""
  revision = "179d4d0c4d8d407a32af483c2354df1d2c91e6c3"

[[projects]]
  digest = "1:32b27072cd55bd2fb7244de0425943d125da6a552ae2b6517cdd965a662baf18"
  name = "github.com/onsi/ginkgo"
  packages = [
    ".",
    "config",
    "ginkgo",
    "ginkgo/convert",
    "ginkgo/interrupthandler",
    "ginkgo/nodot",
    "ginkgo/testrunner",
    "ginkgo/testsuite",
    "ginkgo/watch",
    "internal/codelocation",
    "internal/containernode",
    "internal/failer",
    "internal/leafnodes",
    "internal/remote",
    "internal/spec",
    "internal/spec_iterator",
    "internal/specrunner",
    "internal/suite",
    "internal/testingtproxy",
    "internal/writer",
    "reporters",
    "reporters/stenographer",
    "reporters/stenographer/support/go-colorable",
    "reporters/stenographer/support/go-isatty",
    "types",
  ]
  pruneopts = ""
  revision = "9eda700730cba42af70d53180f9dcce9266bc2bc"
  version = "v1.4.0"

[[projects]]
  digest = "1:a4e59d0b2821c983b58c317f141cd77df20570979632da8a7a352e5d12698de7"
  name = "github.com/onsi/gomega"
  packages = [
    ".",
    "format",
    "internal/assertion",
    "internal/asyncassertion",
    "internal/oraclematcher",
    "internal/testingtsupport",
    "matchers",
    "matchers/support/goraph/bipartitegraph",
    "matchers/support/goraph/edge",
    "matchers/support/goraph/node",
    "matchers/support/goraph/util",
    "types",
  ]
  pruneopts = ""
  revision = "c893efa28eb45626cdaa76c9f653b62488858837"
  version = "v1.2.0"

[[projects]]
  branch = "master"
  digest = "1:2e499d82667950b515054fb07405a63f325095368af34dbd93314c65cfc29128"
  name = "github.com/pivotal-cf/paraphernalia"
  packages = ["secure/tlsconfig"]
  pruneopts = ""
  revision = "4272315231ce0d2636eeb44ed0479e56ca165581"

[[projects]]
  digest = "1:7365acd48986e205ccb8652cc746f09c8b7876030d53710ea6ef7d0bd0dcd7ca"
  name = "github.com/pkg/errors"
  packages = ["."]
  pruneopts = ""
  revision = "645ef00459ed84a119197bfb8d8205042c6df63d"
  version = "v0.8.0"

[[projects]]
  digest = "1:3ac248add5bb40a3c631c5334adcd09aa72d15af2768a5bc0274084ea7b2e5ba"
  name = "github.com/sirupsen/logrus"
  packages = [
    ".",
    "hooks/test",
  ]
  pruneopts = ""
  revision = "f006c2ac4710855cf0f916dd6b77acf6b048dc6e"
  version = "v1.0.3"

[[projects]]
  branch = "master"
  digest = "1:4de6ae63e66731f7112372a9256049df9b95035bf8a350e34116af6cd32e5fac"
  name = "github.com/vito/go-interact"
  packages = [
    "interact",
    "interact/terminal",
  ]
  pruneopts = ""
  revision = "fa338ed9e9ecbb0e9c2e6c7a0160d9fc9b0efbd9"

[[projects]]
  branch = "master"
  digest = "1:f6a006d27619a4d93bf9b66fe1999b8c8d1fa62bdc63af14f10fbe6fcaa2aa1a"
  name = "golang.org/x/crypto"
  packages = [
    "curve25519",
    "ed25519",
    "ed25519/internal/edwards25519",
    "ssh",
    "ssh/agent",
    "ssh/terminal",
  ]
  pruneopts = ""
  revision = "9f005a07e0d31d45e6656d241bb5c0f2efd4bc94"

[[projects]]
  branch = "master"
  digest = "1:1285570ced192ee4703ca44573a4eaf19b5a0895af56f9db2210b171eefd2a41"
  name = "golang.org/x/net"
  packages = [
    "context",
    "context/ctxhttp",
    "html",
    "html/atom",
    "html/charset",
    "proxy",
  ]
  pruneopts = ""
  revision = "c7086645de248775cbf2373cf5ca4d2fa664b8c1"

[[projects]]
  branch = "master"
  digest = "1:f0df6dbfc8bd4903a81bc3c224edb13e87aa9c05bc8344d802687d610e152ca4"
  name = "golang.org/x/oauth2"
  packages = [
    ".",
    "internal",
  ]
  pruneopts = ""
  revision = "f95fa95eaa936d9d87489b15d1d18b97c1ba9c28"

[[projects]]
  branch = "master"
  digest = "1:eaa0459091ac9b59beb42b5f11af13519d856ccd12d3871b5c4c9de230611316"
  name = "golang.org/x/sys"
  packages = [
    "unix",
    "windows",
  ]
  pruneopts = ""
  revision = "82aafbf43bf885069dc71b7e7c2f9d7a614d47da"

[[projects]]
  branch = "master"
  digest = "1:39a1a71adca4b837a25dc6b5fcdd9d175e4597c6d3440f107dfeda31230218e4"
  name = "golang.org/x/text"
  packages = [
    "encoding",
    "encoding/charmap",
    "encoding/htmlindex",
    "encoding/internal",
    "encoding/internal/identifier",
    "encoding/japanese",
    "encoding/korean",
    "encoding/simplifiedchinese",
    "encoding/traditionalchinese",
    "encoding/unicode",
    "internal/gen",
    "internal/tag",
    "internal/utf8internal",
    "language",
    "runes",
    "transform",
    "unicode/cldr",
  ]
  pruneopts = ""
  revision = "88f656faf3f37f690df1a32515b479415e1a6769"

[[projects]]
  branch = "master"
  digest = "1:3fb1e52d981ace7965dcaf3e32a61a7a3e56ded1ec21a1a71f13448078010861"
  name = "golang.org/x/tools"
  packages = [
    "cover",
    "go/ast/astutil",
    "imports",
  ]
  pruneopts = ""
  revision = "6d70fb2e85323e81c89374331d3d2b93304faa36"

[[projects]]
  branch = "master"
  digest = "1:55b4d356ad58ff70a7adefffd863830075501f1cb2af5f3f26a4588f3c371835"
  name = "google.golang.org/api"
  packages = [
    "cloudresourcemanager/v1",
    "gensupport",
    "googleapi",
    "googleapi/internal/uritemplates",
  ]
  pruneopts = ""
  revision = "92db9b55d2aa90e54a33cfaa8caf354afae68157"

[[projects]]
  digest = "1:934fb8966f303ede63aa405e2c8d7f0a427a05ea8df335dfdc1833dd4d40756f"
  name = "google.golang.org/appengine"
  packages = [
    "internal",
    "internal/base",
    "internal/datastore",
    "internal/log",
    "internal/remote_api",
    "internal/urlfetch",
    "urlfetch",
  ]
  pruneopts = ""
  revision = "150dc57a1b433e64154302bdc40b6bb8aefa313a"
  version = "v1.0.0"

[[projects]]
  branch = "v2"
  digest = "1:f769ed60e075e4221612c2f4162fccc9d3795ef358fa463425e3b3d7a5debb27"
  name = "gopkg.in/yaml.v2"
  packages = ["."]
  pruneopts = ""
  revision = "287cf08546ab5e7e37d55a84f7ed3fd1db036de5"

[solve-meta]
  analyzer-name = "dep"
  analyzer-version = 1
  input-imports = [
    "github.com/cheggaaa/pb",
    "github.com/cloudfoundry/bosh-cli/uaa",
    "github.com/cloudfoundry/bosh-cli/ui",
    "github.com/cloudfoundry/bosh-cli/ui/fakes",
    "github.com/cloudfoundry/bosh-cli/ui/table",
    "github.com/cloudfoundry/bosh-utils/crypto",
    "github.com/cloudfoundry/bosh-utils/errors",
    "github.com/cloudfoundry/bosh-utils/logger",
    "github.com/cloudfoundry/bosh-utils/system",
    "github.com/cloudfoundry/bosh-utils/system/fakes",
    "github.com/dgrijalva/jwt-go",
    "github.com/dpb587/go-onc/onc",
    "github.com/dpb587/go-openvpn/ovpn",
    "github.com/dpb587/go-openvpn/ovpn/onc",
    "github.com/google/go-github/github",
    "github.com/inconshreveable/go-update",
    "github.com/jessevdk/go-flags",
    "github.com/mattn/goveralls",
    "github.com/maxbrunsfeld/counterfeiter",
    "github.com/modocache/gover",
    "github.com/nu7hatch/gouuid",
    "github.com/onsi/ginkgo",
    "github.com/onsi/ginkgo/ginkgo",
    "github.com/onsi/gomega",
    "github.com/sirupsen/logrus",
    "github.com/sirupsen/logrus/hooks/test",
    "golang.org/x/crypto/ssh",
    "golang.org/x/crypto/ssh/agent",
    "golang.org/x/oauth2",
    "google.golang.org/api/cloudresourcemanager/v1",
    "gopkg.in/yaml.v2",
  ]
  solver-name = "gps-cdcl"
  solver-version = 1
